
Microsoft Visual Studio Solution File, Format Version 12.00
# Visual Studio Version 16
VisualStudioVersion = 16.0.31410.357
MinimumVisualStudioVersion = 10.0.40219.1
Project("{FAE04EC0-301F-11D3-BF4B-00C04F79EFBC}") = "WinFormsApptest1", "WinFormsApptest1.csproj", "{D85EEBC1-1983-452D-BDBB-153586DC0588}"
EndProject
Global
	GlobalSection(SolutionConfigurationPlatforms) = preSolution
		Debug|Any CPU = Debug|Any CPU
		Release|Any CPU = Release|Any CPU
	EndGlobalSection
	GlobalSection(ProjectConfigurationPlatforms) = postSolution
		{D85EEBC1-1983-452D-BDBB-153586DC0588}.Debug|Any CPU.ActiveCfg = Debug|Any CPU
		{D85EEBC1-1983-452D-BDBB-153586DC0588}.Debug|Any CPU.Build.0 = Debug|Any CPU
		{D85EEBC1-1983-452D-BDBB-153586DC0588}.Release|Any CPU.ActiveCfg = Release|Any CPU
		{D85EEBC1-1983-452D-BDBB-153586DC0588}.Release|Any CPU.Build.0 = Release|Any CPU
	EndGlobalSection
	GlobalSection(SolutionProperties) = preSolution
		HideSolutionNode = FALSE
	EndGlobalSection
	GlobalSection(ExtensibilityGlobals) = postSolution
		SolutionGuid = {A91B38FD-77EA-401F-8888-066B3F4F319E}
	EndGlobalSection
EndGlobal
